{
  "name": "appsetexample",
  "version": "1.0.0",
  "lockfileVersion": 1,
  "requires": true,
  "dependencies": {
    "binary": {
      "version": "0.3.0",
      "resolved": "https://registry.npmjs.org/binary/-/binary-0.3.0.tgz",
      "integrity": "sha1-n2BVO8XOjDOG87VTz/R0Yq3sqnk=",
      "requires": {
        "buffers": "~0.1.1",
        "chainsaw": "~0.1.0"
      }
    },
    "buffers": {
      "version": "0.1.1",
      "resolved": "https://registry.npmjs.org/buffers/-/buffers-0.1.1.tgz",
      "integrity": "sha1-skV5w77U1tOWru5tmorn9Ugqt7s="
    },
    "chainsaw": {
      "version": "0.1.0",
      "resolved": "https://registry.npmjs.org/chainsaw/-/chainsaw-0.1.0.tgz",
      "integrity": "sha1-XqtQsor+WAdNDVgpE4iCi15fvJg=",
      "requires": {
        "traverse": ">=0.3.0 <0.4"
      }
    },
    "debug": {
      "version": "4.1.1",
      "resolved": "https://registry.npmjs.org/debug/-/debug-4.1.1.tgz",
      "integrity": "sha512-pYAIzeRo8J6KPEaJ0VWOh5Pzkbw/RetuzehGM7QRRX5he4fPHx2rdKMB256ehJCkX+XRQm16eZLqLNS8RSZXZw==",
      "requires": {
        "ms": "^2.1.1"
      }
    },
    "easy-stack": {
      "version": "1.0.0",
      "resolved": "https://registry.npmjs.org/easy-stack/-/easy-stack-1.0.0.tgz",
      "integrity": "sha1-EskbMIWjfwuqM26UhurEv5Tj54g="
    },
    "event-pubsub": {
      "version": "4.3.0",
      "resolved": "https://registry.npmjs.org/event-pubsub/-/event-pubsub-4.3.0.tgz",
      "integrity": "sha512-z7IyloorXvKbFx9Bpie2+vMJKKx1fH1EN5yiTfp8CiLOTptSYy1g8H4yDpGlEdshL1PBiFtBHepF2cNsqeEeFQ=="
    },
    "ffmpeg-stream": {
      "version": "0.6.0",
      "resolved": "https://registry.npmjs.org/ffmpeg-stream/-/ffmpeg-stream-0.6.0.tgz",
      "integrity": "sha512-SnfSkBftW8Zhk12BbA5IXrCFovH2seOs84eafGq7/lLol38KrDz6xbRVqc8hby81L9SdMOAB4JJEpd7S9k1pQg==",
      "requires": {
        "debug": "^4.1.1"
      }
    },
    "findit": {
      "version": "2.0.0",
      "resolved": "https://registry.npmjs.org/findit/-/findit-2.0.0.tgz",
      "integrity": "sha1-ZQnwEmr0wXhVHPqZOU4DLhOk1W4="
    },
    "js-message": {
      "version": "1.0.5",
      "resolved": "https://registry.npmjs.org/js-message/-/js-message-1.0.5.tgz",
      "integrity": "sha1-IwDSSxrwjondCVvBpMnJz8uJLRU="
    },
    "js-queue": {
      "version": "2.0.0",
      "resolved": "https://registry.npmjs.org/js-queue/-/js-queue-2.0.0.tgz",
      "integrity": "sha1-NiITz4YPRo8BJfxslqvBdCUx+Ug=",
      "requires": {
        "easy-stack": "^1.0.0"
      }
    },
    "minimist": {
      "version": "0.0.8",
      "resolved": "https://registry.npmjs.org/minimist/-/minimist-0.0.8.tgz",
      "integrity": "sha1-hX/Kv8M5fSYluCKCYuhqp6ARsF0="
    },
    "mkdirp": {
      "version": "0.5.1",
      "resolved": "https://registry.npmjs.org/mkdirp/-/mkdirp-0.5.1.tgz",
      "integrity": "sha1-MAV0OOrGz3+MR2fzhkjWaX11yQM=",
      "requires": {
        "minimist": "0.0.8"
      }
    },
    "ms": {
      "version": "2.1.2",
      "resolved": "https://registry.npmjs.org/ms/-/ms-2.1.2.tgz",
      "integrity": "sha512-sGkPx+VjMtmA6MX27oA4FBFELFCZZ4S4XqeGOXCv68tT+jb3vk/RyaKWP0PTKyWtmLSM0b+adUTEvbs1PEaH2w=="
    },
    "node-ipc": {
      "version": "9.1.1",
      "resolved": "https://registry.npmjs.org/node-ipc/-/node-ipc-9.1.1.tgz",
      "integrity": "sha512-FAyICv0sIRJxVp3GW5fzgaf9jwwRQxAKDJlmNFUL5hOy+W4X/I5AypyHoq0DXXbo9o/gt79gj++4cMr4jVWE/w==",
      "requires": {
        "event-pubsub": "4.3.0",
        "js-message": "1.0.5",
        "js-queue": "2.0.0"
      }
    },
    "rage-edit": {
      "version": "1.2.0",
      "resolved": "https://registry.npmjs.org/rage-edit/-/rage-edit-1.2.0.tgz",
      "integrity": "sha512-0RspBRc2s6We4g7hRCvT5mu7YPEnfjvQK8Tt354a2uUNJCMC7MKLvo/1mLvHUCQ/zbP6siQyp5VRZN7UCpMFZg=="
    },
    "traverse": {
      "version": "0.3.9",
      "resolved": "https://registry.npmjs.org/traverse/-/traverse-0.3.9.tgz",
      "integrity": "sha1-cXuPIgzAu3tE5AUUwisui7xw2Lk="
    },
    "unzip-stream": {
      "version": "0.3.0",
      "resolved": "https://registry.npmjs.org/unzip-stream/-/unzip-stream-0.3.0.tgz",
      "integrity": "sha512-NG1h/MdGIX3HzyqMjyj1laBCmlPYhcO4xEy7gEqqzGiSLw7XqDQCnY4nYSn5XSaH8mQ6TFkaujrO8d/PIZN85A==",
      "requires": {
        "binary": "^0.3.0",
        "mkdirp": "^0.5.1"
      }
    }
  }
}
